
Microsoft Visual Studio Solution File, Format Version 12.00
# Visual Studio Version 18
VisualStudioVersion = 18.5.11723.231
MinimumVisualStudioVersion = 10.0.40219.1
Project("{FAE04EC0-301F-11D3-BF4B-00C04F79EFBC}") = "Dollars.Sync", "Dollars.Sync\Dollars.Sync.csproj", "{6A990564-F61C-0B20-22EA-0F22922E73BE}"
EndProject
Project("{FAE04EC0-301F-11D3-BF4B-00C04F79EFBC}") = "Dollars.Shared", "Dollars.Shared\Dollars.Shared.csproj", "{79272E39-BF0A-49D0-B7CA-4E74641AC5EB}"
EndProject
Project("{FAE04EC0-301F-11D3-BF4B-00C04F79EFBC}") = "Dollars.Api", "Dollars.Api\Dollars.Api.csproj", "{9CC4351C-3EE8-4F0E-B8C9-5F6B701A78DA}"
EndProject
Project("{FAE04EC0-301F-11D3-BF4B-00C04F79EFBC}") = "Dollars.Kernel", "Dollars.Kernel\Dollars.Kernel.csproj", "{CE33248A-5FBF-4932-9E68-3D9C9B5E5CEC}"
EndProject
Project("{FAE04EC0-301F-11D3-BF4B-00C04F79EFBC}") = "Dollars.Sync.Core", "Dollars.Sync.Core\Dollars.Sync.Core.csproj", "{F4737241-260F-4EFD-80B4-79D60F0DCC8D}"
EndProject
Project("{FAE04EC0-301F-11D3-BF4B-00C04F79EFBC}") = "Dollars.Sync.Functions", "Dollars.Sync.Functions\Dollars.Sync.Functions.csproj", "{3666426C-7937-40FB-9963-24024369D35F}"
EndProject
Global
	GlobalSection(SolutionConfigurationPlatforms) = preSolution
		Debug|Any CPU = Debug|Any CPU
		Debug|x64 = Debug|x64
		Debug|x86 = Debug|x86
		Release|Any CPU = Release|Any CPU
		Release|x64 = Release|x64
		Release|x86 = Release|x86
	EndGlobalSection
	GlobalSection(ProjectConfigurationPlatforms) = postSolution
		{6A990564-F61C-0B20-22EA-0F22922E73BE}.Debug|Any CPU.ActiveCfg = Debug|Any CPU
		{6A990564-F61C-0B20-22EA-0F22922E73BE}.Debug|Any CPU.Build.0 = Debug|Any CPU
		{6A990564-F61C-0B20-22EA-0F22922E73BE}.Debug|x64.ActiveCfg = Debug|Any CPU
		{6A990564-F61C-0B20-22EA-0F22922E73BE}.Debug|x64.Build.0 = Debug|Any CPU
		{6A990564-F61C-0B20-22EA-0F22922E73BE}.Debug|x86.ActiveCfg = Debug|Any CPU
		{6A990564-F61C-0B20-22EA-0F22922E73BE}.Debug|x86.Build.0 = Debug|Any CPU
		{6A990564-F61C-0B20-22EA-0F22922E73BE}.Release|Any CPU.ActiveCfg = Release|Any CPU
		{6A990564-F61C-0B20-22EA-0F22922E73BE}.Release|Any CPU.Build.0 = Release|Any CPU
		{6A990564-F61C-0B20-22EA-0F22922E73BE}.Release|x64.ActiveCfg = Release|Any CPU
		{6A990564-F61C-0B20-22EA-0F22922E73BE}.Release|x64.Build.0 = Release|Any CPU
		{6A990564-F61C-0B20-22EA-0F22922E73BE}.Release|x86.ActiveCfg = Release|Any CPU
		{6A990564-F61C-0B20-22EA-0F22922E73BE}.Release|x86.Build.0 = Release|Any CPU
		{79272E39-BF0A-49D0-B7CA-4E74641AC5EB}.Debug|Any CPU.ActiveCfg = Debug|Any CPU
		{79272E39-BF0A-49D0-B7CA-4E74641AC5EB}.Debug|Any CPU.Build.0 = Debug|Any CPU
		{79272E39-BF0A-49D0-B7CA-4E74641AC5EB}.Debug|x64.ActiveCfg = Debug|Any CPU
		{79272E39-BF0A-49D0-B7CA-4E74641AC5EB}.Debug|x64.Build.0 = Debug|Any CPU
		{79272E39-BF0A-49D0-B7CA-4E74641AC5EB}.Debug|x86.ActiveCfg = Debug|Any CPU
		{79272E39-BF0A-49D0-B7CA-4E74641AC5EB}.Debug|x86.Build.0 = Debug|Any CPU
		{79272E39-BF0A-49D0-B7CA-4E74641AC5EB}.Release|Any CPU.ActiveCfg = Release|Any CPU
		{79272E39-BF0A-49D0-B7CA-4E74641AC5EB}.Release|Any CPU.Build.0 = Release|Any CPU
		{79272E39-BF0A-49D0-B7CA-4E74641AC5EB}.Release|x64.ActiveCfg = Release|Any CPU
		{79272E39-BF0A-49D0-B7CA-4E74641AC5EB}.Release|x64.Build.0 = Release|Any CPU
		{79272E39-BF0A-49D0-B7CA-4E74641AC5EB}.Release|x86.ActiveCfg = Release|Any CPU
		{79272E39-BF0A-49D0-B7CA-4E74641AC5EB}.Release|x86.Build.0 = Release|Any CPU
		{9CC4351C-3EE8-4F0E-B8C9-5F6B701A78DA}.Debug|Any CPU.ActiveCfg = Debug|Any CPU
		{9CC4351C-3EE8-4F0E-B8C9-5F6B701A78DA}.Debug|Any CPU.Build.0 = Debug|Any CPU
		{9CC4351C-3EE8-4F0E-B8C9-5F6B701A78DA}.Debug|x64.ActiveCfg = Debug|Any CPU
		{9CC4351C-3EE8-4F0E-B8C9-5F6B701A78DA}.Debug|x64.Build.0 = Debug|Any CPU
		{9CC4351C-3EE8-4F0E-B8C9-5F6B701A78DA}.Debug|x86.ActiveCfg = Debug|Any CPU
		{9CC4351C-3EE8-4F0E-B8C9-5F6B701A78DA}.Debug|x86.Build.0 = Debug|Any CPU
		{9CC4351C-3EE8-4F0E-B8C9-5F6B701A78DA}.Release|Any CPU.ActiveCfg = Release|Any CPU
		{9CC4351C-3EE8-4F0E-B8C9-5F6B701A78DA}.Release|Any CPU.Build.0 = Release|Any CPU
		{9CC4351C-3EE8-4F0E-B8C9-5F6B701A78DA}.Release|x64.ActiveCfg = Release|Any CPU
		{9CC4351C-3EE8-4F0E-B8C9-5F6B701A78DA}.Release|x64.Build.0 = Release|Any CPU
		{9CC4351C-3EE8-4F0E-B8C9-5F6B701A78DA}.Release|x86.ActiveCfg = Release|Any CPU
		{9CC4351C-3EE8-4F0E-B8C9-5F6B701A78DA}.Release|x86.Build.0 = Release|Any CPU
		{CE33248A-5FBF-4932-9E68-3D9C9B5E5CEC}.Debug|Any CPU.ActiveCfg = Debug|Any CPU
		{CE33248A-5FBF-4932-9E68-3D9C9B5E5CEC}.Debug|Any CPU.Build.0 = Debug|Any CPU
		{CE33248A-5FBF-4932-9E68-3D9C9B5E5CEC}.Debug|x64.ActiveCfg = Debug|Any CPU
		{CE33248A-5FBF-4932-9E68-3D9C9B5E5CEC}.Debug|x64.Build.0 = Debug|Any CPU
		{CE33248A-5FBF-4932-9E68-3D9C9B5E5CEC}.Debug|x86.ActiveCfg = Debug|Any CPU
		{CE33248A-5FBF-4932-9E68-3D9C9B5E5CEC}.Debug|x86.Build.0 = Debug|Any CPU
		{CE33248A-5FBF-4932-9E68-3D9C9B5E5CEC}.Release|Any CPU.ActiveCfg = Release|Any CPU
		{CE33248A-5FBF-4932-9E68-3D9C9B5E5CEC}.Release|Any CPU.Build.0 = Release|Any CPU
		{CE33248A-5FBF-4932-9E68-3D9C9B5E5CEC}.Release|x64.ActiveCfg = Release|Any CPU
		{CE33248A-5FBF-4932-9E68-3D9C9B5E5CEC}.Release|x64.Build.0 = Release|Any CPU
		{CE33248A-5FBF-4932-9E68-3D9C9B5E5CEC}.Release|x86.ActiveCfg = Release|Any CPU
		{CE33248A-5FBF-4932-9E68-3D9C9B5E5CEC}.Release|x86.Build.0 = Release|Any CPU
		{F4737241-260F-4EFD-80B4-79D60F0DCC8D}.Debug|Any CPU.ActiveCfg = Debug|Any CPU
		{F4737241-260F-4EFD-80B4-79D60F0DCC8D}.Debug|Any CPU.Build.0 = Debug|Any CPU
		{F4737241-260F-4EFD-80B4-79D60F0DCC8D}.Debug|x64.ActiveCfg = Debug|Any CPU
		{F4737241-260F-4EFD-80B4-79D60F0DCC8D}.Debug|x64.Build.0 = Debug|Any CPU
		{F4737241-260F-4EFD-80B4-79D60F0DCC8D}.Debug|x86.ActiveCfg = Debug|Any CPU
		{F4737241-260F-4EFD-80B4-79D60F0DCC8D}.Debug|x86.Build.0 = Debug|Any CPU
		{F4737241-260F-4EFD-80B4-79D60F0DCC8D}.Release|Any CPU.ActiveCfg = Release|Any CPU
		{F4737241-260F-4EFD-80B4-79D60F0DCC8D}.Release|Any CPU.Build.0 = Release|Any CPU
		{F4737241-260F-4EFD-80B4-79D60F0DCC8D}.Release|x64.ActiveCfg = Release|Any CPU
		{F4737241-260F-4EFD-80B4-79D60F0DCC8D}.Release|x64.Build.0 = Release|Any CPU
		{F4737241-260F-4EFD-80B4-79D60F0DCC8D}.Release|x86.ActiveCfg = Release|Any CPU
		{F4737241-260F-4EFD-80B4-79D60F0DCC8D}.Release|x86.Build.0 = Release|Any CPU
		{3666426C-7937-40FB-9963-24024369D35F}.Debug|Any CPU.ActiveCfg = Debug|Any CPU
		{3666426C-7937-40FB-9963-24024369D35F}.Debug|Any CPU.Build.0 = Debug|Any CPU
		{3666426C-7937-40FB-9963-24024369D35F}.Debug|x64.ActiveCfg = Debug|Any CPU
		{3666426C-7937-40FB-9963-24024369D35F}.Debug|x64.Build.0 = Debug|Any CPU
		{3666426C-7937-40FB-9963-24024369D35F}.Debug|x86.ActiveCfg = Debug|Any CPU
		{3666426C-7937-40FB-9963-24024369D35F}.Debug|x86.Build.0 = Debug|Any CPU
		{3666426C-7937-40FB-9963-24024369D35F}.Release|Any CPU.ActiveCfg = Release|Any CPU
		{3666426C-7937-40FB-9963-24024369D35F}.Release|Any CPU.Build.0 = Release|Any CPU
		{3666426C-7937-40FB-9963-24024369D35F}.Release|x64.ActiveCfg = Release|Any CPU
		{3666426C-7937-40FB-9963-24024369D35F}.Release|x64.Build.0 = Release|Any CPU
		{3666426C-7937-40FB-9963-24024369D35F}.Release|x86.ActiveCfg = Release|Any CPU
		{3666426C-7937-40FB-9963-24024369D35F}.Release|x86.Build.0 = Release|Any CPU
	EndGlobalSection
	GlobalSection(SolutionProperties) = preSolution
		HideSolutionNode = FALSE
	EndGlobalSection
	GlobalSection(ExtensibilityGlobals) = postSolution
		SolutionGuid = {660600D9-3DD4-47A2-AEE0-CD949E5608B2}
	EndGlobalSection
EndGlobal
